	<Project xmlns="http://schemas.microsoft.com/developer/msbuild/2003">
		<PropertyGroup>
			<ProjectGuid>{B9B2D972-A999-4FCC-A09E-1AA479CF129B}</ProjectGuid>
			<MainSource>nemp.dpr</MainSource>
			<Config Condition="'$(Config)'==''">Debug</Config>
			<DCC_DCCCompiler>DCC32</DCC_DCCCompiler>
			<ProjectVersion>12.0</ProjectVersion>
		</PropertyGroup>
		<PropertyGroup Condition="'$(Config)'=='Basis' or '$(Base)'!=''">
			<Base>true</Base>
		</PropertyGroup>
		<PropertyGroup Condition="'$(Config)'=='Release' or '$(Cfg_1)'!=''">
			<Cfg_1>true</Cfg_1>
			<CfgParent>Base</CfgParent>
			<Base>true</Base>
		</PropertyGroup>
		<PropertyGroup Condition="'$(Config)'=='Debug' or '$(Cfg_2)'!=''">
			<Cfg_2>true</Cfg_2>
			<CfgParent>Base</CfgParent>
			<Base>true</Base>
		</PropertyGroup>
		<PropertyGroup Condition="'$(Base)'!=''">
			<DCC_DcuOutput>..\dcu\</DCC_DcuOutput>
			<DCC_UsePackage>vclx;vcl;dbrtl;Rave76VCL;bdertl;rtl;vclactnband;vcldb;vcldbx;dsnap;dsnapcon;TeeUI;TeeDB;Tee;adortl;vclib;ibxpress;IndyCore;IndySystem;IndyProtocols;xmlrtl;inet;intrawebdb_100_120;Intraweb_100_120;VclSmp;vclie;websnap;webdsnap;inetdbbde;inetdbxpress;soaprtl;vclribbon;DbxCommonDriver;DbxClientDriver;DBXInterBaseDriver;DBXMySQLDriver;dbexpress;dbxcds;NempKomponenten;dwWin7Controls_2009;Aviant_Credits;VirtualTreesD12;madBasic_;madDisAsm_;madExcept_</DCC_UsePackage>
			<DCC_ExeOutput>..\bin\</DCC_ExeOutput>
			<DCC_ImageBase>00400000</DCC_ImageBase>
			<DCC_E>false</DCC_E>
			<DCC_Platform>x86</DCC_Platform>
			<DCC_DependencyCheckOutputName>..\bin\nemp.exe</DCC_DependencyCheckOutputName>
			<DCC_N>false</DCC_N>
			<DCC_S>false</DCC_S>
			<DCC_F>false</DCC_F>
			<DCC_K>false</DCC_K>
		</PropertyGroup>
		<PropertyGroup Condition="'$(Cfg_1)'!=''">
			<DCC_LocalDebugSymbols>false</DCC_LocalDebugSymbols>
			<DCC_Define>RELEASE;$(DCC_Define)</DCC_Define>
			<DCC_SymbolReferenceInfo>0</DCC_SymbolReferenceInfo>
			<DCC_DebugInformation>false</DCC_DebugInformation>
		</PropertyGroup>
		<PropertyGroup Condition="'$(Cfg_2)'!=''">
			<DCC_MapFile>3</DCC_MapFile>
			<DCC_Define>DEBUG;madExcept;$(DCC_Define)</DCC_Define>
		</PropertyGroup>
		<ItemGroup>
			<DelphiCompile Include="nemp.dpr">
				<MainSource>MainSource</MainSource>
			</DelphiCompile>
			<DCCReference Include="3rd Party Units\OneInst.pas"/>
			<DCCReference Include="NempMainUnit.pas">
				<Form>Nemp_MainForm</Form>
			</DCCReference>
			<DCCReference Include="WinampFunctions.pas"/>
			<DCCReference Include="Details.pas">
				<Form>FDetails</Form>
			</DCCReference>
			<DCCReference Include="AudioFileClass.pas"/>
			<DCCReference Include="NewPicture.pas">
				<Form>FNewPicture</Form>
			</DCCReference>
			<DCCReference Include="Splash.pas">
				<Form>FSplash</Form>
			</DCCReference>
			<DCCReference Include="spectrum_vis.pas"/>
			<DCCReference Include="Hilfsfunktionen.pas"/>
			<DCCReference Include="TreeHelper.pas"/>
			<DCCReference Include="MultimediaKeys.pas">
				<Form>FormMediaKeyInit</Form>
			</DCCReference>
			<DCCReference Include="About.pas">
				<Form>AboutForm</Form>
			</DCCReference>
			<DCCReference Include="StreamVerwaltung.pas">
				<Form>FormStreamVerwaltung</Form>
			</DCCReference>
			<DCCReference Include="Nemp_ConstantsAndTypes.pas"/>
			<DCCReference Include="PlaylistUnit.pas">
				<Form>PlaylistForm</Form>
			</DCCReference>
			<DCCReference Include="AuswahlUnit.pas">
				<Form>AuswahlForm</Form>
			</DCCReference>
			<DCCReference Include="MedienlisteUnit.pas">
				<Form>MedienlisteForm</Form>
			</DCCReference>
			<DCCReference Include="SplitForm_Hilfsfunktionen.pas"/>
			<DCCReference Include="ShutDown.pas">
				<Form>ShutDownForm</Form>
			</DCCReference>
			<DCCReference Include="Nemp_SkinSystem.pas"/>
			<DCCReference Include="BirthdayShow.pas">
				<Form>BirthdayForm</Form>
			</DCCReference>
			<DCCReference Include="PlaylistClass.pas"/>
			<DCCReference Include="PlayerClass.pas"/>
			<DCCReference Include="MedienbibliothekClass.pas"/>
			<DCCReference Include="RandomPlaylist.pas">
				<Form>RandomPlaylistForm</Form>
			</DCCReference>
			<DCCReference Include="Nemp_RessourceStrings.pas"/>
			<DCCReference Include="ShutDownEdit.pas">
				<Form>ShutDownEditForm</Form>
			</DCCReference>
			<DCCReference Include="DriveRepairTools.pas"/>
			<DCCReference Include="ShoutcastUtils.pas"/>
			<DCCReference Include="NewStation.pas">
				<Form>NewStationForm</Form>
			</DCCReference>
			<DCCReference Include="WebServerClass.pas"/>
			<DCCReference Include="Easteregg.pas"/>
			<DCCReference Include="UpdateUtils.pas"/>
			<DCCReference Include="ScrobblerUtils.pas"/>
			<DCCReference Include="BibSearch.pas">
				<Form>FormBibSearch</Form>
			</DCCReference>
			<DCCReference Include="BibSearchClass.pas"/>
			<DCCReference Include="AudioFileHelper.pas"/>
			<DCCReference Include="CoverHelper.pas"/>
			<DCCReference Include="Systemhelper.pas"/>
			<DCCReference Include="StringSearchHelper.pas"/>
			<DCCReference Include="StringHelper.pas"/>
			<DCCReference Include="BibHelper.pas"/>
			<DCCReference Include="MainFormHelper.pas"/>
			<DCCReference Include="MessageHelper.pas"/>
			<DCCReference Include="BassHelper.pas"/>
			<DCCReference Include="VSTEditControls.pas"/>
			<DCCReference Include="ClassicCoverflowClass.pas"/>
			<DCCReference Include="NempCoverFlowClass.pas"/>
			<DCCReference Include="ExtendedControlsUnit.pas">
				<Form>ExtendedControlForm</Form>
			</DCCReference>
			<DCCReference Include="PartyModeClass.pas"/>
			<DCCReference Include="PostProcessorUtils.pas"/>
			<DCCReference Include="RatingCtrls.pas"/>
			<DCCReference Include="TagClouds.pas">
				<Form>/,  classes;</Form>
			</DCCReference>
			<DCCReference Include="CloudEditor.pas">
				<Form>CloudEditorForm</Form>
			</DCCReference>
			<DCCReference Include="Taghelper.pas"/>
			<DCCReference Include="CoverDownloads.pas"/>
			<DCCReference Include="PartymodePassword.pas">
				<Form>PasswordDlg</Form>
			</DCCReference>
			<DCCReference Include="Lyrics.pas"/>
			<DCCReference Include="HtmlHelper.pas"/>
			<DCCReference Include="OptionsComplete.pas">
				<Form>OptionsCompleteForm</Form>
			</DCCReference>
			<DCCReference Include="CreateHelper.pas"/>
			<DCCReference Include="ExPopupList.pas"/>
			<DCCReference Include="PlaylistToUSB.pas">
				<Form>PlaylistCopyForm</Form>
			</DCCReference>
			<DCCReference Include="ErrorForm.pas">
				<Form>FError</Form>
			</DCCReference>
			<RcItem Include="playlist_3248_ohneAlpha.ico">
				<ResourceType>Icon</ResourceType>
				<ResourceId>Icon_2</ResourceId>
			</RcItem>
			<RcItem Include="Nemp32_48.ico">
				<ResourceType>Icon</ResourceType>
				<ResourceId>Icon_1</ResourceId>
			</RcItem>
			<BuildConfiguration Include="Basis">
				<Key>Base</Key>
			</BuildConfiguration>
			<BuildConfiguration Include="Debug">
				<Key>Cfg_2</Key>
				<CfgParent>Base</CfgParent>
			</BuildConfiguration>
			<BuildConfiguration Include="Release">
				<Key>Cfg_1</Key>
				<CfgParent>Base</CfgParent>
			</BuildConfiguration>
		</ItemGroup>
		<Import Project="$(BDS)\Bin\CodeGear.Delphi.Targets" Condition="Exists('$(BDS)\Bin\CodeGear.Delphi.Targets')"/>
		<ProjectExtensions>
			<Borland.Personality>Delphi.Personality.12</Borland.Personality>
			<Borland.ProjectType>VCLApplication</Borland.ProjectType>
			<BorlandProject>
				<Delphi.Personality>
					<Source>
						<Source Name="MainSource">nemp.dpr</Source>
					</Source>
					<Parameters>
						<Parameters Name="UseLauncher">False</Parameters>
						<Parameters Name="LoadAllSymbols">True</Parameters>
						<Parameters Name="LoadUnspecifiedSymbols">False</Parameters>
					</Parameters>
					<VersionInfo>
						<VersionInfo Name="IncludeVerInfo">True</VersionInfo>
						<VersionInfo Name="AutoIncBuild">True</VersionInfo>
						<VersionInfo Name="MajorVer">4</VersionInfo>
						<VersionInfo Name="MinorVer">1</VersionInfo>
						<VersionInfo Name="Release">0</VersionInfo>
						<VersionInfo Name="Build">457</VersionInfo>
						<VersionInfo Name="Debug">False</VersionInfo>
						<VersionInfo Name="PreRelease">False</VersionInfo>
						<VersionInfo Name="Special">False</VersionInfo>
						<VersionInfo Name="Private">False</VersionInfo>
						<VersionInfo Name="DLL">False</VersionInfo>
						<VersionInfo Name="Locale">1031</VersionInfo>
						<VersionInfo Name="CodePage">1252</VersionInfo>
					</VersionInfo>
					<VersionInfoKeys>
						<VersionInfoKeys Name="CompanyName"/>
						<VersionInfoKeys Name="FileDescription">Noch ein Mp3-Player</VersionInfoKeys>
						<VersionInfoKeys Name="FileVersion">4.1.0.457</VersionInfoKeys>
						<VersionInfoKeys Name="InternalName"/>
						<VersionInfoKeys Name="LegalCopyright">2005-2011, Daniel Gaussmann</VersionInfoKeys>
						<VersionInfoKeys Name="LegalTrademarks"/>
						<VersionInfoKeys Name="OriginalFilename"/>
						<VersionInfoKeys Name="ProductName"/>
						<VersionInfoKeys Name="ProductVersion">4.1</VersionInfoKeys>
						<VersionInfoKeys Name="Comments"/>
					</VersionInfoKeys>
					<Excluded_Packages>
						<Excluded_Packages Name="$(BDS)\bin\bcboffice2k120.bpl">CodeGear C++Builder Office 2000-Server-Package</Excluded_Packages>
						<Excluded_Packages Name="$(BDS)\bin\bcbofficexp120.bpl">CodeGear C++Builder Office XP-Server-Package</Excluded_Packages>
						<Excluded_Packages Name="$(BDS)\bin\dcloffice2k120.bpl">Microsoft Office 2000 Beispiele für gekapselte Komponenten für Automation Server</Excluded_Packages>
						<Excluded_Packages Name="$(BDS)\bin\dclofficexp120.bpl">Microsoft Office XP Beispiele für gekapselte Komponenten für Automation Server</Excluded_Packages>
					</Excluded_Packages>
				</Delphi.Personality>
			</BorlandProject>
			<ProjectFileVersion>12</ProjectFileVersion>
		</ProjectExtensions>
	</Project>
